
Microsoft Visual Studio Solution File, Format Version 12.00
# Visual Studio Version 16
VisualStudioVersion = 16.0.29215.179
MinimumVisualStudioVersion = 10.0.40219.1
Project("{9A19103F-16F7-4668-BE54-9A1E7A4F7556}") = "UnitTest", "tests\UnitTest\UnitTest.csproj", "{D323A797-885E-4BCD-A20D-EAE1D0092AFE}"
EndProject
Project("{9A19103F-16F7-4668-BE54-9A1E7A4F7556}") = "HumidityModule", "src\HumidityModule\HumidityModule.csproj", "{B8E762DF-5836-446D-BCD2-157740190E91}"
EndProject
Project("{34036844-64E7-43A5-9151-4AD90E180989}") = "AzureIotEdgeModules", "src\AzureIotEdgeModules\AzureIotEdgeModules.iotedgeproj", "{141CB673-1A60-494A-80C8-E7ACFAE8444D}"
EndProject
Global
	GlobalSection(SolutionConfigurationPlatforms) = preSolution
		Debug|Any CPU = Debug|Any CPU
		Release|Any CPU = Release|Any CPU
	EndGlobalSection
	GlobalSection(ProjectConfigurationPlatforms) = postSolution
		{D323A797-885E-4BCD-A20D-EAE1D0092AFE}.Debug|Any CPU.ActiveCfg = Debug|Any CPU
		{D323A797-885E-4BCD-A20D-EAE1D0092AFE}.Debug|Any CPU.Build.0 = Debug|Any CPU
		{D323A797-885E-4BCD-A20D-EAE1D0092AFE}.Release|Any CPU.ActiveCfg = Release|Any CPU
		{D323A797-885E-4BCD-A20D-EAE1D0092AFE}.Release|Any CPU.Build.0 = Release|Any CPU
		{B8E762DF-5836-446D-BCD2-157740190E91}.Debug|Any CPU.ActiveCfg = Debug|Any CPU
		{B8E762DF-5836-446D-BCD2-157740190E91}.Debug|Any CPU.Build.0 = Debug|Any CPU
		{B8E762DF-5836-446D-BCD2-157740190E91}.Release|Any CPU.ActiveCfg = Release|Any CPU
		{B8E762DF-5836-446D-BCD2-157740190E91}.Release|Any CPU.Build.0 = Release|Any CPU
		{141CB673-1A60-494A-80C8-E7ACFAE8444D}.Debug|Any CPU.ActiveCfg = Debug|Any CPU
		{141CB673-1A60-494A-80C8-E7ACFAE8444D}.Debug|Any CPU.Build.0 = Debug|Any CPU
		{141CB673-1A60-494A-80C8-E7ACFAE8444D}.Release|Any CPU.ActiveCfg = Release|Any CPU
		{141CB673-1A60-494A-80C8-E7ACFAE8444D}.Release|Any CPU.Build.0 = Release|Any CPU
	EndGlobalSection
	GlobalSection(SolutionProperties) = preSolution
		HideSolutionNode = FALSE
	EndGlobalSection
	GlobalSection(ExtensibilityGlobals) = postSolution
		SolutionGuid = {D6AF4B64-501E-4369-8E61-AFB1EC32DB3D}
	EndGlobalSection
EndGlobal
